
Microsoft Visual Studio Solution File, Format Version 12.00
# Visual Studio Version 17
VisualStudioVersion = 17.0.31825.309
MinimumVisualStudioVersion = 10.0.40219.1
Project("{FAE04EC0-301F-11D3-BF4B-00C04F79EFBC}") = "CAU4", "CAU4\CAU4.csproj", "{347724E4-7932-4FE9-9626-24CC5A158511}"
EndProject
Global
	GlobalSection(SolutionConfigurationPlatforms) = preSolution
		Debug|Any CPU = Debug|Any CPU
		Release|Any CPU = Release|Any CPU
	EndGlobalSection
	GlobalSection(ProjectConfigurationPlatforms) = postSolution
		{347724E4-7932-4FE9-9626-24CC5A158511}.Debug|Any CPU.ActiveCfg = Debug|Any CPU
		{347724E4-7932-4FE9-9626-24CC5A158511}.Debug|Any CPU.Build.0 = Debug|Any CPU
		{347724E4-7932-4FE9-9626-24CC5A158511}.Release|Any CPU.ActiveCfg = Release|Any CPU
		{347724E4-7932-4FE9-9626-24CC5A158511}.Release|Any CPU.Build.0 = Release|Any CPU
	EndGlobalSection
	GlobalSection(SolutionProperties) = preSolution
		HideSolutionNode = FALSE
	EndGlobalSection
	GlobalSection(ExtensibilityGlobals) = postSolution
		SolutionGuid = {901EA1DF-20D7-410F-B772-829550EAA89C}
	EndGlobalSection
EndGlobal
